// !$*UTF8*$!
{
	archiveVersion = 1;
	classes = {
	};
	objectVersion = 48;
	objects = {

/* Begin PBXBuildFile section */
		9078853B209A323400A65589 /* AppDelegate.swift in Sources */ = {isa = PBXBuildFile; fileRef = 9078853A209A323400A65589 /* AppDelegate.swift */; };
		9078853D209A323400A65589 /* ViewController.swift in Sources */ = {isa = PBXBuildFile; fileRef = 9078853C209A323400A65589 /* ViewController.swift */; };
		90788540209A323400A65589 /* Main.storyboard in Resources */ = {isa = PBXBuildFile; fileRef = 9078853E209A323400A65589 /* Main.storyboard */; };
		90788542209A323400A65589 /* Assets.xcassets in Resources */ = {isa = PBXBuildFile; fileRef = 90788541209A323400A65589 /* Assets.xcassets */; };
		90788545209A323400A65589 /* LaunchScreen.storyboard in Resources */ = {isa = PBXBuildFile; fileRef = 90788543209A323400A65589 /* LaunchScreen.storyboard */; };
		90788569209A330400A65589 /* DataModel.swift in Sources */ = {isa = PBXBuildFile; fileRef = 90788568209A330400A65589 /* DataModel.swift */; };
		9078856B209A331200A65589 /* TableViewCell.swift in Sources */ = {isa = PBXBuildFile; fileRef = 9078856A209A331200A65589 /* TableViewCell.swift */; };
		C9B70926299F850100E8E740 /* secondViewController.swift in Sources */ = {isa = PBXBuildFile; fileRef = C9B70925299F850100E8E740 /* secondViewController.swift */; };
		C9B7092C299F8F0B00E8E740 /* Validation.swift in Sources */ = {isa = PBXBuildFile; fileRef = C9B7092B299F8F0B00E8E740 /* Validation.swift */; };
		C9B70930299F980900E8E740 /* signinViewController.swift in Sources */ = {isa = PBXBuildFile; fileRef = C9B7092F299F980900E8E740 /* signinViewController.swift */; };
/* End PBXBuildFile section */

/* Begin PBXContainerItemProxy section */
		9078854C209A323400A65589 /* PBXContainerItemProxy */ = {
			isa = PBXContainerItemProxy;
			containerPortal = 9078852F209A323400A65589 /* Project object */;
			proxyType = 1;
			remoteGlobalIDString = 90788536209A323400A65589;
			remoteInfo = demoSegTab;
		};
		90788557209A323400A65589 /* PBXContainerItemProxy */ = {
			isa = PBXContainerItemProxy;
			containerPortal = 9078852F209A323400A65589 /* Project object */;
			proxyType = 1;
			remoteGlobalIDString = 90788536209A323400A65589;
			remoteInfo = demoSegTab;
		};
/* End PBXContainerItemProxy section */

/* Begin PBXFileReference section */
		90788537209A323400A65589 /* demoSegTab.app */ = {isa = PBXFileReference; explicitFileType = wrapper.application; includeInIndex = 0; path = demoSegTab.app; sourceTree = BUILT_PRODUCTS_DIR; };
		9078853A209A323400A65589 /* AppDelegate.swift */ = {isa = PBXFileReference; lastKnownFileType = sourcecode.swift; path = AppDelegate.swift; sourceTree = "<group>"; };
		9078853C209A323400A65589 /* ViewController.swift */ = {isa = PBXFileReference; lastKnownFileType = sourcecode.swift; path = ViewController.swift; sourceTree = "<group>"; };
		9078853F209A323400A65589 /* Base */ = {isa = PBXFileReference; lastKnownFileType = file.storyboard; name = Base; path = Base.lproj/Main.storyboard; sourceTree = "<group>"; };
		90788541209A323400A65589 /* Assets.xcassets */ = {isa = PBXFileReference; lastKnownFileType = folder.assetcatalog; path = Assets.xcassets; sourceTree = "<group>"; };
		90788544209A323400A65589 /* Base */ = {isa = PBXFileReference; lastKnownFileType = file.storyboard; name = Base; path = Base.lproj/LaunchScreen.storyboard; sourceTree = "<group>"; };
		90788546209A323400A65589 /* Info.plist */ = {isa = PBXFileReference; lastKnownFileType = text.plist.xml; path = Info.plist; sourceTree = "<group>"; };
		9078854B209A323400A65589 /* demoSegTabTests.xctest */ = {isa = PBXFileReference; explicitFileType = wrapper.cfbundle; includeInIndex = 0; path = demoSegTabTests.xctest; sourceTree = BUILT_PRODUCTS_DIR; };
		90788556209A323400A65589 /* demoSegTabUITests.xctest */ = {isa = PBXFileReference; explicitFileType = wrapper.cfbundle; includeInIndex = 0; path = demoSegTabUITests.xctest; sourceTree = BUILT_PRODUCTS_DIR; };
		90788568209A330400A65589 /* DataModel.swift */ = {isa = PBXFileReference; lastKnownFileType = sourcecode.swift; path = DataModel.swift; sourceTree = "<group>"; };
		9078856A209A331200A65589 /* TableViewCell.swift */ = {isa = PBXFileReference; lastKnownFileType = sourcecode.swift; path = TableViewCell.swift; sourceTree = "<group>"; };
		C9B70925299F850100E8E740 /* secondViewController.swift */ = {isa = PBXFileReference; lastKnownFileType = sourcecode.swift; path = secondViewController.swift; sourceTree = "<group>"; };
		C9B7092B299F8F0B00E8E740 /* Validation.swift */ = {isa = PBXFileReference; fileEncoding = 4; lastKnownFileType = sourcecode.swift; name = Validation.swift; path = "../../Login Page/Login Page/Validation.swift"; sourceTree = "<group>"; };
		C9B7092F299F980900E8E740 /* signinViewController.swift */ = {isa = PBXFileReference; lastKnownFileType = sourcecode.swift; path = signinViewController.swift; sourceTree = "<group>"; };
/* End PBXFileReference section */

/* Begin PBXFrameworksBuildPhase section */
		90788534209A323400A65589 /* Frameworks */ = {
			isa = PBXFrameworksBuildPhase;
			buildActionMask = 2147483647;
			files = (
			);
			runOnlyForDeploymentPostprocessing = 0;
		};
		90788548209A323400A65589 /* Frameworks */ = {
			isa = PBXFrameworksBuildPhase;
			buildActionMask = 2147483647;
			files = (
			);
			runOnlyForDeploymentPostprocessing = 0;
		};
		90788553209A323400A65589 /* Frameworks */ = {
			isa = PBXFrameworksBuildPhase;
			buildActionMask = 2147483647;
			files = (
			);
			runOnlyForDeploymentPostprocessing = 0;
		};
/* End PBXFrameworksBuildPhase section */

/* Begin PBXGroup section */
		9078852E209A323400A65589 = {
			isa = PBXGroup;
			children = (
				90788539209A323400A65589 /* demoSegTab */,
				90788538209A323400A65589 /* Products */,
			);
			sourceTree = "<group>";
		};
		90788538209A323400A65589 /* Products */ = {
			isa = PBXGroup;
			children = (
				90788537209A323400A65589 /* demoSegTab.app */,
				9078854B209A323400A65589 /* demoSegTabTests.xctest */,
				90788556209A323400A65589 /* demoSegTabUITests.xctest */,
			);
			name = Products;
			sourceTree = "<group>";
		};
		90788539209A323400A65589 /* demoSegTab */ = {
			isa = PBXGroup;
			children = (
				9078853A209A323400A65589 /* AppDelegate.swift */,
				9078853C209A323400A65589 /* ViewController.swift */,
				C9B70925299F850100E8E740 /* secondViewController.swift */,
				90788568209A330400A65589 /* DataModel.swift */,
				9078856A209A331200A65589 /* TableViewCell.swift */,
				C9B7092B299F8F0B00E8E740 /* Validation.swift */,
				C9B7092F299F980900E8E740 /* signinViewController.swift */,
				9078853E209A323400A65589 /* Main.storyboard */,
				90788541209A323400A65589 /* Assets.xcassets */,
				90788543209A323400A65589 /* LaunchScreen.storyboard */,
				90788546209A323400A65589 /* Info.plist */,
			);
			path = demoSegTab;
			sourceTree = "<group>";
		};
/* End PBXGroup section */

/* Begin PBXNativeTarget section */
		90788536209A323400A65589 /* demoSegTab */ = {
			isa = PBXNativeTarget;
			buildConfigurationList = 9078855F209A323400A65589 /* Build configuration list for PBXNativeTarget "demoSegTab" */;
			buildPhases = (
				90788533209A323400A65589 /* Sources */,
				90788534209A323400A65589 /* Frameworks */,
				90788535209A323400A65589 /* Resources */,
			);
			buildRules = (
			);
			dependencies = (
			);
			name = demoSegTab;
			productName = demoSegTab;
			productReference = 90788537209A323400A65589 /* demoSegTab.app */;
			productType = "com.apple.product-type.application";
		};
		9078854A209A323400A65589 /* demoSegTabTests */ = {
			isa = PBXNativeTarget;
			buildConfigurationList = 90788562209A323400A65589 /* Build configuration list for PBXNativeTarget "demoSegTabTests" */;
			buildPhases = (
				90788547209A323400A65589 /* Sources */,
				90788548209A323400A65589 /* Frameworks */,
				90788549209A323400A65589 /* Resources */,
			);
			buildRules = (
			);
			dependencies = (
				9078854D209A323400A65589 /* PBXTargetDependency */,
			);
			name = demoSegTabTests;
			productName = demoSegTabTests;
			productReference = 9078854B209A323400A65589 /* demoSegTabTests.xctest */;
			productType = "com.apple.product-type.bundle.unit-test";
		};
		90788555209A323400A65589 /* demoSegTabUITests */ = {
			isa = PBXNativeTarget;
			buildConfigurationList = 90788565209A323400A65589 /* Build configuration list for PBXNativeTarget "demoSegTabUITests" */;
			buildPhases = (
				90788552209A323400A65589 /* Sources */,
				90788553209A323400A65589 /* Frameworks */,
				90788554209A323400A65589 /* Resources */,
			);
			buildRules = (
			);
			dependencies = (
				90788558209A323400A65589 /* PBXTargetDependency */,
			);
			name = demoSegTabUITests;
			productName = demoSegTabUITests;
			productReference = 90788556209A323400A65589 /* demoSegTabUITests.xctest */;
			productType = "com.apple.product-type.bundle.ui-testing";
		};
/* End PBXNativeTarget section */

/* Begin PBXProject section */
		9078852F209A323400A65589 /* Project object */ = {
			isa = PBXProject;
			attributes = {
				LastSwiftUpdateCheck = 0900;
				LastUpgradeCheck = 0900;
				ORGANIZATIONNAME = "Yogesh Patel";
				TargetAttributes = {
					90788536209A323400A65589 = {
						CreatedOnToolsVersion = 9.0.1;
						ProvisioningStyle = Automatic;
					};
					9078854A209A323400A65589 = {
						CreatedOnToolsVersion = 9.0.1;
						ProvisioningStyle = Automatic;
						TestTargetID = 90788536209A323400A65589;
					};
					90788555209A323400A65589 = {
						CreatedOnToolsVersion = 9.0.1;
						ProvisioningStyle = Automatic;
						TestTargetID = 90788536209A323400A65589;
					};
				};
			};
			buildConfigurationList = 90788532209A323400A65589 /* Build configuration list for PBXProject "demoSegTab" */;
			compatibilityVersion = "Xcode 8.0";
			developmentRegion = en;
			hasScannedForEncodings = 0;
			knownRegions = (
				en,
				Base,
			);
			mainGroup = 9078852E209A323400A65589;
			productRefGroup = 90788538209A323400A65589 /* Products */;
			projectDirPath = "";
			projectRoot = "";
			targets = (
				90788536209A323400A65589 /* demoSegTab */,
				9078854A209A323400A65589 /* demoSegTabTests */,
				90788555209A323400A65589 /* demoSegTabUITests */,
			);
		};
/* End PBXProject section */

/* Begin PBXResourcesBuildPhase section */
		90788535209A323400A65589 /* Resources */ = {
			isa = PBXResourcesBuildPhase;
			buildActionMask = 2147483647;
			files = (
				90788545209A323400A65589 /* LaunchScreen.storyboard in Resources */,
				90788542209A323400A65589 /* Assets.xcassets in Resources */,
				90788540209A323400A65589 /* Main.storyboard in Resources */,
			);
			runOnlyForDeploymentPostprocessing = 0;
		};
		90788549209A323400A65589 /* Resources */ = {
			isa = PBXResourcesBuildPhase;
			buildActionMask = 2147483647;
			files = (
			);
			runOnlyForDeploymentPostprocessing = 0;
		};
		90788554209A323400A65589 /* Resources */ = {
			isa = PBXResourcesBuildPhase;
			buildActionMask = 2147483647;
			files = (
			);
			runOnlyForDeploymentPostprocessing = 0;
		};
/* End PBXResourcesBuildPhase section */

/* Begin PBXSourcesBuildPhase section */
		90788533209A323400A65589 /* Sources */ = {
			isa = PBXSourcesBuildPhase;
			buildActionMask = 2147483647;
			files = (
				9078853D209A323400A65589 /* ViewController.swift in Sources */,
				9078856B209A331200A65589 /* TableViewCell.swift in Sources */,
				9078853B209A323400A65589 /* AppDelegate.swift in Sources */,
				C9B70926299F850100E8E740 /* secondViewController.swift in Sources */,
				C9B70930299F980900E8E740 /* signinViewController.swift in Sources */,
				90788569209A330400A65589 /* DataModel.swift in Sources */,
				C9B7092C299F8F0B00E8E740 /* Validation.swift in Sources */,
			);
			runOnlyForDeploymentPostprocessing = 0;
		};
		90788547209A323400A65589 /* Sources */ = {
			isa = PBXSourcesBuildPhase;
			buildActionMask = 2147483647;
			files = (
			);
			runOnlyForDeploymentPostprocessing = 0;
		};
		90788552209A323400A65589 /* Sources */ = {
			isa = PBXSourcesBuildPhase;
			buildActionMask = 2147483647;
			files = (
			);
			runOnlyForDeploymentPostprocessing = 0;
		};
/* End PBXSourcesBuildPhase section */

/* Begin PBXTargetDependency section */
		9078854D209A323400A65589 /* PBXTargetDependency */ = {
			isa = PBXTargetDependency;
			target = 90788536209A323400A65589 /* demoSegTab */;
			targetProxy = 9078854C209A323400A65589 /* PBXContainerItemProxy */;
		};
		90788558209A323400A65589 /* PBXTargetDependency */ = {
			isa = PBXTargetDependency;
			target = 90788536209A323400A65589 /* demoSegTab */;
			targetProxy = 90788557209A323400A65589 /* PBXContainerItemProxy */;
		};
/* End PBXTargetDependency section */

/* Begin PBXVariantGroup section */
		9078853E209A323400A65589 /* Main.storyboard */ = {
			isa = PBXVariantGroup;
			children = (
				9078853F209A323400A65589 /* Base */,
			);
			name = Main.storyboard;
			sourceTree = "<group>";
		};
		90788543209A323400A65589 /* LaunchScreen.storyboard */ = {
			isa = PBXVariantGroup;
			children = (
				90788544209A323400A65589 /* Base */,
			);
			name = LaunchScreen.storyboard;
			sourceTree = "<group>";
		};
/* End PBXVariantGroup section */

/* Begin XCBuildConfiguration section */
		9078855D209A323400A65589 /* Debug */ = {
			isa = XCBuildConfiguration;
			buildSettings = {
				ALWAYS_SEARCH_USER_PATHS = NO;
				CLANG_ANALYZER_NONNULL = YES;
				CLANG_ANALYZER_NUMBER_OBJECT_CONVERSION = YES_AGGRESSIVE;
				CLANG_CXX_LANGUAGE_STANDARD = "gnu++14";
				CLANG_CXX_LIBRARY = "libc++";
				CLANG_ENABLE_MODULES = YES;
				CLANG_ENABLE_OBJC_ARC = YES;
				CLANG_WARN_BLOCK_CAPTURE_AUTORELEASING = YES;
				CLANG_WARN_BOOL_CONVERSION = YES;
				CLANG_WARN_COMMA = YES;
				CLANG_WARN_CONSTANT_CONVERSION = YES;
				CLANG_WARN_DIRECT_OBJC_ISA_USAGE = YES_ERROR;
				CLANG_WARN_DOCUMENTATION_COMMENTS = YES;
				CLANG_WARN_EMPTY_BODY = YES;
				CLANG_WARN_ENUM_CONVERSION = YES;
				CLANG_WARN_INFINITE_RECURSION = YES;
				CLANG_WARN_INT_CONVERSION = YES;
				CLANG_WARN_NON_LITERAL_NULL_CONVERSION = YES;
				CLANG_WARN_OBJC_LITERAL_CONVERSION = YES;
				CLANG_WARN_OBJC_ROOT_CLASS = YES_ERROR;
				CLANG_WARN_RANGE_LOOP_ANALYSIS = YES;
				CLANG_WARN_STRICT_PROTOTYPES = YES;
				CLANG_WARN_SUSPICIOUS_MOVE = YES;
				CLANG_WARN_UNGUARDED_AVAILABILITY = YES_AGGRESSIVE;
				CLANG_WARN_UNREACHABLE_CODE = YES;
				CLANG_WARN__DUPLICATE_METHOD_MATCH = YES;
				CODE_SIGN_IDENTITY = "iPhone Developer";
				COPY_PHASE_STRIP = NO;
				DEBUG_INFORMATION_FORMAT = dwarf;
				ENABLE_STRICT_OBJC_MSGSEND = YES;
				ENABLE_TESTABILITY = YES;
				GCC_C_LANGUAGE_STANDARD = gnu11;
				GCC_DYNAMIC_NO_PIC = NO;
				GCC_NO_COMMON_BLOCKS = YES;
				GCC_OPTIMIZATION_LEVEL = 0;
				GCC_PREPROCESSOR_DEFINITIONS = (
					"DEBUG=1",
					"$(inherited)",
				);
				GCC_WARN_64_TO_32_BIT_CONVERSION = YES;
				GCC_WARN_ABOUT_RETURN_TYPE = YES_ERROR;
				GCC_WARN_UNDECLARED_SELECTOR = YES;
				GCC_WARN_UNINITIALIZED_AUTOS = YES_AGGRESSIVE;
				GCC_WARN_UNUSED_FUNCTION = YES;
				GCC_WARN_UNUSED_VARIABLE = YES;
				IPHONEOS_DEPLOYMENT_TARGET = 11.0;
				MTL_ENABLE_DEBUG_INFO = YES;
				ONLY_ACTIVE_ARCH = YES;
				SDKROOT = iphoneos;
				SWIFT_ACTIVE_COMPILATION_CONDITIONS = DEBUG;
				SWIFT_OPTIMIZATION_LEVEL = "-Onone";
			};
			name = Debug;
		};
		9078855E209A323400A65589 /* Release */ = {
			isa = XCBuildConfiguration;
			buildSettings = {
				ALWAYS_SEARCH_USER_PATHS = NO;
				CLANG_ANALYZER_NONNULL = YES;
				CLANG_ANALYZER_NUMBER_OBJECT_CONVERSION = YES_AGGRESSIVE;
				CLANG_CXX_LANGUAGE_STANDARD = "gnu++14";
				CLANG_CXX_LIBRARY = "libc++";
				CLANG_ENABLE_MODULES = YES;
				CLANG_ENABLE_OBJC_ARC = YES;
				CLANG_WARN_BLOCK_CAPTURE_AUTORELEASING = YES;
				CLANG_WARN_BOOL_CONVERSION = YES;
				CLANG_WARN_COMMA = YES;
				CLANG_WARN_CONSTANT_CONVERSION = YES;
				CLANG_WARN_DIRECT_OBJC_ISA_USAGE = YES_ERROR;
				CLANG_WARN_DOCUMENTATION_COMMENTS = YES;
				CLANG_WARN_EMPTY_BODY = YES;
				CLANG_WARN_ENUM_CONVERSION = YES;
				CLANG_WARN_INFINITE_RECURSION = YES;
				CLANG_WARN_INT_CONVERSION = YES;
				CLANG_WARN_NON_LITERAL_NULL_CONVERSION = YES;
				CLANG_WARN_OBJC_LITERAL_CONVERSION = YES;
				CLANG_WARN_OBJC_ROOT_CLASS = YES_ERROR;
				CLANG_WARN_RANGE_LOOP_ANALYSIS = YES;
				CLANG_WARN_STRICT_PROTOTYPES = YES;
				CLANG_WARN_SUSPICIOUS_MOVE = YES;
				CLANG_WARN_UNGUARDED_AVAILABILITY = YES_AGGRESSIVE;
				CLANG_WARN_UNREACHABLE_CODE = YES;
				CLANG_WARN__DUPLICATE_METHOD_MATCH = YES;
				CODE_SIGN_IDENTITY = "iPhone Developer";
				COPY_PHASE_STRIP = NO;
				DEBUG_INFORMATION_FORMAT = "dwarf-with-dsym";
				ENABLE_NS_ASSERTIONS = NO;
				ENABLE_STRICT_OBJC_MSGSEND = YES;
				GCC_C_LANGUAGE_STANDARD = gnu11;
				GCC_NO_COMMON_BLOCKS = YES;
				GCC_WARN_64_TO_32_BIT_CONVERSION = YES;
				GCC_WARN_ABOUT_RETURN_TYPE = YES_ERROR;
				GCC_WARN_UNDECLARED_SELECTOR = YES;
				GCC_WARN_UNINITIALIZED_AUTOS = YES_AGGRESSIVE;
				GCC_WARN_UNUSED_FUNCTION = YES;
				GCC_WARN_UNUSED_VARIABLE = YES;
				IPHONEOS_DEPLOYMENT_TARGET = 11.0;
				MTL_ENABLE_DEBUG_INFO = NO;
				SDKROOT = iphoneos;
				SWIFT_OPTIMIZATION_LEVEL = "-Owholemodule";
				VALIDATE_PRODUCT = YES;
			};
			name = Release;
		};
		90788560209A323400A65589 /* Debug */ = {
			isa = XCBuildConfiguration;
			buildSettings = {
				ASSETCATALOG_COMPILER_APPICON_NAME = AppIcon;
				CODE_SIGN_STYLE = Automatic;
				DEVELOPMENT_TEAM = CF4QM4CNHN;
				INFOPLIST_FILE = demoSegTab/Info.plist;
				LD_RUNPATH_SEARCH_PATHS = "$(inherited) @executable_path/Frameworks";
				PRODUCT_BUNDLE_IDENTIFIER = "com.yogesh-patel.demoSegTab";
				PRODUCT_NAME = "$(TARGET_NAME)";
				SWIFT_VERSION = 4.0;
				TARGETED_DEVICE_FAMILY = "1,2";
			};
			name = Debug;
		};
		90788561209A323400A65589 /* Release */ = {
			isa = XCBuildConfiguration;
			buildSettings = {
				ASSETCATALOG_COMPILER_APPICON_NAME = AppIcon;
				CODE_SIGN_STYLE = Automatic;
				DEVELOPMENT_TEAM = CF4QM4CNHN;
				INFOPLIST_FILE = demoSegTab/Info.plist;
				LD_RUNPATH_SEARCH_PATHS = "$(inherited) @executable_path/Frameworks";
				PRODUCT_BUNDLE_IDENTIFIER = "com.yogesh-patel.demoSegTab";
				PRODUCT_NAME = "$(TARGET_NAME)";
				SWIFT_VERSION = 4.0;
				TARGETED_DEVICE_FAMILY = "1,2";
			};
			name = Release;
		};
		90788563209A323400A65589 /* Debug */ = {
			isa = XCBuildConfiguration;
			buildSettings = {
				ALWAYS_EMBED_SWIFT_STANDARD_LIBRARIES = YES;
				BUNDLE_LOADER = "$(TEST_HOST)";
				CODE_SIGN_STYLE = Automatic;
				DEVELOPMENT_TEAM = CF4QM4CNHN;
				INFOPLIST_FILE = demoSegTabTests/Info.plist;
				LD_RUNPATH_SEARCH_PATHS = "$(inherited) @executable_path/Frameworks @loader_path/Frameworks";
				PRODUCT_BUNDLE_IDENTIFIER = "com.yogesh-patel.demoSegTabTests";
				PRODUCT_NAME = "$(TARGET_NAME)";
				SWIFT_VERSION = 4.0;
				TARGETED_DEVICE_FAMILY = "1,2";
				TEST_HOST = "$(BUILT_PRODUCTS_DIR)/demoSegTab.app/demoSegTab";
			};
			name = Debug;
		};
		90788564209A323400A65589 /* Release */ = {
			isa = XCBuildConfiguration;
			buildSettings = {
				ALWAYS_EMBED_SWIFT_STANDARD_LIBRARIES = YES;
				BUNDLE_LOADER = "$(TEST_HOST)";
				CODE_SIGN_STYLE = Automatic;
				DEVELOPMENT_TEAM = CF4QM4CNHN;
				INFOPLIST_FILE = demoSegTabTests/Info.plist;
				LD_RUNPATH_SEARCH_PATHS = "$(inherited) @executable_path/Frameworks @loader_path/Frameworks";
				PRODUCT_BUNDLE_IDENTIFIER = "com.yogesh-patel.demoSegTabTests";
				PRODUCT_NAME = "$(TARGET_NAME)";
				SWIFT_VERSION = 4.0;
				TARGETED_DEVICE_FAMILY = "1,2";
				TEST_HOST = "$(BUILT_PRODUCTS_DIR)/demoSegTab.app/demoSegTab";
			};
			name = Release;
		};
		90788566209A323400A65589 /* Debug */ = {
			isa = XCBuildConfiguration;
			buildSettings = {
				ALWAYS_EMBED_SWIFT_STANDARD_LIBRARIES = YES;
				CODE_SIGN_STYLE = Automatic;
				DEVELOPMENT_TEAM = CF4QM4CNHN;
				INFOPLIST_FILE = demoSegTabUITests/Info.plist;
				LD_RUNPATH_SEARCH_PATHS = "$(inherited) @executable_path/Frameworks @loader_path/Frameworks";
				PRODUCT_BUNDLE_IDENTIFIER = "com.yogesh-patel.demoSegTabUITests";
				PRODUCT_NAME = "$(TARGET_NAME)";
				SWIFT_VERSION = 4.0;
				TARGETED_DEVICE_FAMILY = "1,2";
				TEST_TARGET_NAME = demoSegTab;
			};
			name = Debug;
		};
		90788567209A323400A65589 /* Release */ = {
			isa = XCBuildConfiguration;
			buildSettings = {
				ALWAYS_EMBED_SWIFT_STANDARD_LIBRARIES = YES;
				CODE_SIGN_STYLE = Automatic;
				DEVELOPMENT_TEAM = CF4QM4CNHN;
				INFOPLIST_FILE = demoSegTabUITests/Info.plist;
				LD_RUNPATH_SEARCH_PATHS = "$(inherited) @executable_path/Frameworks @loader_path/Frameworks";
				PRODUCT_BUNDLE_IDENTIFIER = "com.yogesh-patel.demoSegTabUITests";
				PRODUCT_NAME = "$(TARGET_NAME)";
				SWIFT_VERSION = 4.0;
				TARGETED_DEVICE_FAMILY = "1,2";
				TEST_TARGET_NAME = demoSegTab;
			};
			name = Release;
		};
/* End XCBuildConfiguration section */

/* Begin XCConfigurationList section */
		90788532209A323400A65589 /* Build configuration list for PBXProject "demoSegTab" */ = {
			isa = XCConfigurationList;
			buildConfigurations = (
				9078855D209A323400A65589 /* Debug */,
				9078855E209A323400A65589 /* Release */,
			);
			defaultConfigurationIsVisible = 0;
			defaultConfigurationName = Release;
		};
		9078855F209A323400A65589 /* Build configuration list for PBXNativeTarget "demoSegTab" */ = {
			isa = XCConfigurationList;
			buildConfigurations = (
				90788560209A323400A65589 /* Debug */,
				90788561209A323400A65589 /* Release */,
			);
			defaultConfigurationIsVisible = 0;
			defaultConfigurationName = Release;
		};
		90788562209A323400A65589 /* Build configuration list for PBXNativeTarget "demoSegTabTests" */ = {
			isa = XCConfigurationList;
			buildConfigurations = (
				90788563209A323400A65589 /* Debug */,
				90788564209A323400A65589 /* Release */,
			);
			defaultConfigurationIsVisible = 0;
			defaultConfigurationName = Release;
		};
		90788565209A323400A65589 /* Build configuration list for PBXNativeTarget "demoSegTabUITests" */ = {
			isa = XCConfigurationList;
			buildConfigurations = (
				90788566209A323400A65589 /* Debug */,
				90788567209A323400A65589 /* Release */,
			);
			defaultConfigurationIsVisible = 0;
			defaultConfigurationName = Release;
		};
/* End XCConfigurationList section */
	};
	rootObject = 9078852F209A323400A65589 /* Project object */;
}
